{
  "version": 4,
  "terraform_version": "1.15.8",
  "serial": 53,
  "lineage": "b6219f12-0ebb-6fd6-82e8-c257d0eddb12",
  "outputs": {
    "data_vm_private_ip": {
      "value": "10.0.2.4",
      "type": "string"
    },
    "lb_public_ip": {
      "value": "20.121.186.183",
      "type": "string"
    }
  },
  "resources": [
    {
      "mode": "managed",
      "type": "azurerm_lb",
      "name": "lb_web",
      "provider": "provider[\"registry.terraform.io/hashicorp/azurerm\"]",
      "instances": [
        {
          "schema_version": 0,
          "attributes": {
            "edge_zone": "",
            "frontend_ip_configuration": [
              {
                "gateway_load_balancer_frontend_ip_configuration_id": "",
                "id": "/subscriptions/b5b6fdda-4ba6-4831-9aaa-4c63754f2653/resourceGroups/rg-project3-tf-dev/providers/Microsoft.Network/loadBalancers/lb-web-dev/frontendIPConfigurations/frontend-web",
                "inbound_nat_rules": [],
                "load_balancer_rules": [],
                "name": "frontend-web",
                "outbound_rules": [],
                "private_ip_address": "",
                "private_ip_address_allocation": "Dynamic",
                "private_ip_address_version": "",
                "public_ip_address_id": "/subscriptions/b5b6fdda-4ba6-4831-9aaa-4c63754f2653/resourceGroups/rg-project3-tf-dev/providers/Microsoft.Network/publicIPAddresses/pip-lb-web-dev",
                "public_ip_prefix_id": "",
                "subnet_id": "",
                "zones": null
              }
            ],
            "id": "/subscriptions/b5b6fdda-4ba6-4831-9aaa-4c63754f2653/resourceGroups/rg-project3-tf-dev/providers/Microsoft.Network/loadBalancers/lb-web-dev",
            "location": "eastus",
            "name": "lb-web-dev",
            "private_ip_address": "",
            "private_ip_addresses": [],
            "resource_group_name": "rg-project3-tf-dev",
            "sku": "Standard",
            "sku_tier": "Regional",
            "tags": null,
            "timeouts": null
          },
          "sensitive_attributes": [],
          "identity_schema_version": 0,
          "private": "eyJlMmJmYjczMC1lY2FhLTExZTYtOGY4OC0zNDM2M2JjN2M0YzAiOnsiY3JlYXRlIjoxODAwMDAwMDAwMDAwLCJkZWxldGUiOjE4MDAwMDAwMDAwMDAsInJlYWQiOjMwMDAwMDAwMDAwMCwidXBkYXRlIjoxODAwMDAwMDAwMDAwfX0=",
          "dependencies": [
            "azurerm_public_ip.lb_pip",
            "azurerm_resource_group.rg"
          ]
        }
      ]
    },
    {
      "mode": "managed",
      "type": "azurerm_lb_backend_address_pool",
      "name": "bp_web",
      "provider": "provider[\"registry.terraform.io/hashicorp/azurerm\"]",
      "instances": [
        {
          "schema_version": 0,
          "attributes": {
            "backend_ip_configurations": [],
            "id": "/subscriptions/b5b6fdda-4ba6-4831-9aaa-4c63754f2653/resourceGroups/rg-project3-tf-dev/providers/Microsoft.Network/loadBalancers/lb-web-dev/backendAddressPools/bp-web",
            "inbound_nat_rules": [],
            "load_balancing_rules": [],
            "loadbalancer_id": "/subscriptions/b5b6fdda-4ba6-4831-9aaa-4c63754f2653/resourceGroups/rg-project3-tf-dev/providers/Microsoft.Network/loadBalancers/lb-web-dev",
            "name": "bp-web",
            "outbound_rules": [],
            "synchronous_mode": "",
            "timeouts": null,
            "tunnel_interface": [],
            "virtual_network_id": ""
          },
          "sensitive_attributes": [],
          "identity_schema_version": 0,
          "private": "eyJlMmJmYjczMC1lY2FhLTExZTYtOGY4OC0zNDM2M2JjN2M0YzAiOnsiY3JlYXRlIjoxODAwMDAwMDAwMDAwLCJkZWxldGUiOjE4MDAwMDAwMDAwMDAsInJlYWQiOjMwMDAwMDAwMDAwMCwidXBkYXRlIjoxODAwMDAwMDAwMDAwfX0=",
          "dependencies": [
            "azurerm_lb.lb_web",
            "azurerm_public_ip.lb_pip",
            "azurerm_resource_group.rg"
          ]
        }
      ]
    },
    {
      "mode": "managed",
      "type": "azurerm_lb_probe",
      "name": "hp_http",
      "provider": "provider[\"registry.terraform.io/hashicorp/azurerm\"]",
      "instances": [
        {
          "schema_version": 0,
          "attributes": {
            "id": "/subscriptions/b5b6fdda-4ba6-4831-9aaa-4c63754f2653/resourceGroups/rg-project3-tf-dev/providers/Microsoft.Network/loadBalancers/lb-web-dev/probes/hp-http",
            "interval_in_seconds": 15,
            "load_balancer_rules": [],
            "loadbalancer_id": "/subscriptions/b5b6fdda-4ba6-4831-9aaa-4c63754f2653/resourceGroups/rg-project3-tf-dev/providers/Microsoft.Network/loadBalancers/lb-web-dev",
            "name": "hp-http",
            "number_of_probes": 2,
            "port": 80,
            "probe_threshold": 1,
            "protocol": "Tcp",
            "request_path": "",
            "timeouts": null
          },
          "sensitive_attributes": [],
          "identity_schema_version": 0,
          "private": "eyJlMmJmYjczMC1lY2FhLTExZTYtOGY4OC0zNDM2M2JjN2M0YzAiOnsiY3JlYXRlIjoxODAwMDAwMDAwMDAwLCJkZWxldGUiOjE4MDAwMDAwMDAwMDAsInJlYWQiOjMwMDAwMDAwMDAwMCwidXBkYXRlIjoxODAwMDAwMDAwMDAwfX0=",
          "dependencies": [
            "azurerm_lb.lb_web",
            "azurerm_public_ip.lb_pip",
            "azurerm_resource_group.rg"
          ]
        }
      ]
    },
    {
      "mode": "managed",
      "type": "azurerm_lb_rule",
      "name": "lbr_http",
      "provider": "provider[\"registry.terraform.io/hashicorp/azurerm\"]",
      "instances": [
        {
          "schema_version": 0,
          "attributes": {
            "backend_address_pool_ids": [
              "/subscriptions/b5b6fdda-4ba6-4831-9aaa-4c63754f2653/resourceGroups/rg-project3-tf-dev/providers/Microsoft.Network/loadBalancers/lb-web-dev/backendAddressPools/bp-web"
            ],
            "backend_port": 80,
            "disable_outbound_snat": false,
            "enable_floating_ip": false,
            "enable_tcp_reset": false,
            "frontend_ip_configuration_id": "/subscriptions/b5b6fdda-4ba6-4831-9aaa-4c63754f2653/resourceGroups/rg-project3-tf-dev/providers/Microsoft.Network/loadBalancers/lb-web-dev/frontendIPConfigurations/frontend-web",
            "frontend_ip_configuration_name": "frontend-web",
            "frontend_port": 80,
            "id": "/subscriptions/b5b6fdda-4ba6-4831-9aaa-4c63754f2653/resourceGroups/rg-project3-tf-dev/providers/Microsoft.Network/loadBalancers/lb-web-dev/loadBalancingRules/lbr-http",
            "idle_timeout_in_minutes": 4,
            "load_distribution": "Default",
            "loadbalancer_id": "/subscriptions/b5b6fdda-4ba6-4831-9aaa-4c63754f2653/resourceGroups/rg-project3-tf-dev/providers/Microsoft.Network/loadBalancers/lb-web-dev",
            "name": "lbr-http",
            "probe_id": "/subscriptions/b5b6fdda-4ba6-4831-9aaa-4c63754f2653/resourceGroups/rg-project3-tf-dev/providers/Microsoft.Network/loadBalancers/lb-web-dev/probes/hp-http",
            "protocol": "Tcp",
            "timeouts": null
          },
          "sensitive_attributes": [],
          "identity_schema_version": 0,
          "private": "eyJlMmJmYjczMC1lY2FhLTExZTYtOGY4OC0zNDM2M2JjN2M0YzAiOnsiY3JlYXRlIjoxODAwMDAwMDAwMDAwLCJkZWxldGUiOjE4MDAwMDAwMDAwMDAsInJlYWQiOjMwMDAwMDAwMDAwMCwidXBkYXRlIjoxODAwMDAwMDAwMDAwfX0=",
          "dependencies": [
            "azurerm_lb.lb_web",
            "azurerm_lb_backend_address_pool.bp_web",
            "azurerm_lb_probe.hp_http",
            "azurerm_public_ip.lb_pip",
            "azurerm_resource_group.rg"
          ]
        }
      ]
    },
    {
      "mode": "managed",
      "type": "azurerm_linux_virtual_machine",
      "name": "data_vm",
      "provider": "provider[\"registry.terraform.io/hashicorp/azurerm\"]",
      "instances": [
        {
          "schema_version": 0,
          "attributes": {
            "additional_capabilities": [],
            "admin_password": null,
            "admin_ssh_key": [
              {
                "public_key": "ssh-rsa AAAAB3NzaC1yc2EAAAADAQABAAACAQDYIV56KyGQtqZjr9Rb7KD0C23hU07wRSyQ3I9I1+G8UWpg0QFvmBvhxRqI6sm45AY4K7ZSgFLHe1bh2ROGYzpbaYilUi6bf04MYISOPJSw5Le521z20Y3hyhbopcR+3yskMBjvt0LY1ehJRyZgAIbVLEykL6UW6mRVXnSz732SDy+BFnnw++m6x1z+4o1x/L4SCuc79APIIOkA6cpErosfPlujjSmRdwaBDtOXpKfh2rrAGrvG+qElweSClf7wvPH7Xba2+D+PBhbqX73UXwUDmVCjX5cVR28vpYZ0njAiWLgl83ZfgvYlla865zDf1gUrwOp32I6ZTlBkfGBxJ86Ad7Cid6Wc2Ybav8mrTWA4TBS6qbLCKcG1sdqnYu/wxEbhR4BwpANz4jA3Jw4WcwcG6jwseqdN7cYyr2s6Eyp2VvwZ1jBOnSAiEQYKLtX+9Hdl+9Sjs+709vdcchvRnxjZ8lA/B14cVfakFJPUjfIVEqp9IAc0zgvqf8/NRATaGXVUbxA1O4UKaeJT9YhT20MtVUOFhHv7AEZO6aJPgDabO9NFz8HfRbZ/kJ/AL5T5zmAIwu2eKjxqvMGjiX5p3Qip6CIzWJFNxJV6c5gZFD6GQrI99ck84+SaoPbR2R8Sy277bnUh86bfkWE/lbwqR+PuNt1D7sgyMn1V1+l2pxLbpQ==",
                "username": "azureuser"
              }
            ],
            "admin_username": "azureuser",
            "allow_extension_operations": true,
            "availability_set_id": "",
            "boot_diagnostics": [],
            "bypass_platform_safety_checks_on_user_schedule_enabled": false,
            "capacity_reservation_group_id": "",
            "computer_name": "vm-data-dev",
            "custom_data": null,
            "dedicated_host_group_id": "",
            "dedicated_host_id": "",
            "disable_password_authentication": true,
            "disk_controller_type": "SCSI",
            "edge_zone": "",
            "encryption_at_host_enabled": false,
            "eviction_policy": "",
            "extensions_time_budget": "PT1H30M",
            "gallery_application": [],
            "id": "/subscriptions/b5b6fdda-4ba6-4831-9aaa-4c63754f2653/resourceGroups/rg-project3-tf-dev/providers/Microsoft.Compute/virtualMachines/vm-data-dev",
            "identity": [],
            "license_type": "",
            "location": "eastus",
            "max_bid_price": -1,
            "name": "vm-data-dev",
            "network_interface_ids": [
              "/subscriptions/b5b6fdda-4ba6-4831-9aaa-4c63754f2653/resourceGroups/rg-project3-tf-dev/providers/Microsoft.Network/networkInterfaces/vm-data-dev-nic"
            ],
            "os_disk": [
              {
                "caching": "ReadWrite",
                "diff_disk_settings": [],
                "disk_encryption_set_id": "",
                "disk_size_gb": 30,
                "name": "vm-data-dev_OsDisk_1_024c80b9389c45ae8b2a7f738c6d242b",
                "secure_vm_disk_encryption_set_id": "",
                "security_encryption_type": "",
                "storage_account_type": "Standard_LRS",
                "write_accelerator_enabled": false
              }
            ],
            "os_image_notification": [],
            "patch_assessment_mode": "ImageDefault",
            "patch_mode": "ImageDefault",
            "plan": [],
            "platform_fault_domain": -1,
            "priority": "Regular",
            "private_ip_address": "10.0.2.4",
            "private_ip_addresses": [
              "10.0.2.4"
            ],
            "provision_vm_agent": true,
            "proximity_placement_group_id": "",
            "public_ip_address": "",
            "public_ip_addresses": [],
            "reboot_setting": "",
            "resource_group_name": "rg-project3-tf-dev",
            "secret": [],
            "secure_boot_enabled": false,
            "size": "Standard_DC1ds_v3",
            "source_image_id": "",
            "source_image_reference": [
              {
                "offer": "0001-com-ubuntu-server-jammy",
                "publisher": "Canonical",
                "sku": "22_04-lts-gen2",
                "version": "latest"
              }
            ],
            "tags": {},
            "termination_notification": [],
            "timeouts": null,
            "user_data": "",
            "virtual_machine_id": "66068aad-4561-4575-a2c4-43686b65671c",
            "virtual_machine_scale_set_id": "",
            "vm_agent_platform_updates_enabled": false,
            "vtpm_enabled": false,
            "zone": ""
          },
          "sensitive_attributes": [
            [
              {
                "type": "get_attr",
                "value": "admin_password"
              }
            ],
            [
              {
                "type": "get_attr",
                "value": "admin_ssh_key"
              }
            ],
            [
              {
                "type": "get_attr",
                "value": "custom_data"
              }
            ]
          ],
          "identity_schema_version": 0,
          "private": "eyJlMmJmYjczMC1lY2FhLTExZTYtOGY4OC0zNDM2M2JjN2M0YzAiOnsiY3JlYXRlIjoyNzAwMDAwMDAwMDAwLCJkZWxldGUiOjI3MDAwMDAwMDAwMDAsInJlYWQiOjMwMDAwMDAwMDAwMCwidXBkYXRlIjoyNzAwMDAwMDAwMDAwfX0=",
          "dependencies": [
            "azurerm_network_interface.data_nic",
            "azurerm_resource_group.rg",
            "azurerm_subnet.data",
            "azurerm_virtual_network.vnet"
          ]
        }
      ]
    },
    {
      "mode": "managed",
      "type": "azurerm_linux_virtual_machine",
      "name": "web_vm",
      "provider": "provider[\"registry.terraform.io/hashicorp/azurerm\"]",
      "instances": [
        {
          "schema_version": 0,
          "attributes": {
            "additional_capabilities": [],
            "admin_password": null,
            "admin_ssh_key": [
              {
                "public_key": "ssh-rsa AAAAB3NzaC1yc2EAAAADAQABAAACAQDYIV56KyGQtqZjr9Rb7KD0C23hU07wRSyQ3I9I1+G8UWpg0QFvmBvhxRqI6sm45AY4K7ZSgFLHe1bh2ROGYzpbaYilUi6bf04MYISOPJSw5Le521z20Y3hyhbopcR+3yskMBjvt0LY1ehJRyZgAIbVLEykL6UW6mRVXnSz732SDy+BFnnw++m6x1z+4o1x/L4SCuc79APIIOkA6cpErosfPlujjSmRdwaBDtOXpKfh2rrAGrvG+qElweSClf7wvPH7Xba2+D+PBhbqX73UXwUDmVCjX5cVR28vpYZ0njAiWLgl83ZfgvYlla865zDf1gUrwOp32I6ZTlBkfGBxJ86Ad7Cid6Wc2Ybav8mrTWA4TBS6qbLCKcG1sdqnYu/wxEbhR4BwpANz4jA3Jw4WcwcG6jwseqdN7cYyr2s6Eyp2VvwZ1jBOnSAiEQYKLtX+9Hdl+9Sjs+709vdcchvRnxjZ8lA/B14cVfakFJPUjfIVEqp9IAc0zgvqf8/NRATaGXVUbxA1O4UKaeJT9YhT20MtVUOFhHv7AEZO6aJPgDabO9NFz8HfRbZ/kJ/AL5T5zmAIwu2eKjxqvMGjiX5p3Qip6CIzWJFNxJV6c5gZFD6GQrI99ck84+SaoPbR2R8Sy277bnUh86bfkWE/lbwqR+PuNt1D7sgyMn1V1+l2pxLbpQ==",
                "username": "azureuser"
              }
            ],
            "admin_username": "azureuser",
            "allow_extension_operations": true,
            "availability_set_id": "",
            "boot_diagnostics": [],
            "bypass_platform_safety_checks_on_user_schedule_enabled": false,
            "capacity_reservation_group_id": "",
            "computer_name": "vm-web-dev",
            "custom_data": null,
            "dedicated_host_group_id": "",
            "dedicated_host_id": "",
            "disable_password_authentication": true,
            "disk_controller_type": "SCSI",
            "edge_zone": "",
            "encryption_at_host_enabled": false,
            "eviction_policy": "",
            "extensions_time_budget": "PT1H30M",
            "gallery_application": [],
            "id": "/subscriptions/b5b6fdda-4ba6-4831-9aaa-4c63754f2653/resourceGroups/rg-project3-tf-dev/providers/Microsoft.Compute/virtualMachines/vm-web-dev",
            "identity": [],
            "license_type": "",
            "location": "eastus",
            "max_bid_price": -1,
            "name": "vm-web-dev",
            "network_interface_ids": [
              "/subscriptions/b5b6fdda-4ba6-4831-9aaa-4c63754f2653/resourceGroups/rg-project3-tf-dev/providers/Microsoft.Network/networkInterfaces/vm-web-dev-nic"
            ],
            "os_disk": [
              {
                "caching": "ReadWrite",
                "diff_disk_settings": [],
                "disk_encryption_set_id": "",
                "disk_size_gb": 30,
                "name": "vm-web-dev_OsDisk_1_dbcb12f790cf41fa841b8d25dc30032a",
                "secure_vm_disk_encryption_set_id": "",
                "security_encryption_type": "",
                "storage_account_type": "Standard_LRS",
                "write_accelerator_enabled": false
              }
            ],
            "os_image_notification": [],
            "patch_assessment_mode": "ImageDefault",
            "patch_mode": "ImageDefault",
            "plan": [],
            "platform_fault_domain": -1,
            "priority": "Regular",
            "private_ip_address": "10.0.1.4",
            "private_ip_addresses": [
              "10.0.1.4"
            ],
            "provision_vm_agent": true,
            "proximity_placement_group_id": "",
            "public_ip_address": "13.82.151.252",
            "public_ip_addresses": [
              "13.82.151.252"
            ],
            "reboot_setting": "",
            "resource_group_name": "rg-project3-tf-dev",
            "secret": [],
            "secure_boot_enabled": false,
            "size": "Standard_DC1ds_v3",
            "source_image_id": "",
            "source_image_reference": [
              {
                "offer": "0001-com-ubuntu-server-jammy",
                "publisher": "Canonical",
                "sku": "22_04-lts-gen2",
                "version": "latest"
              }
            ],
            "tags": {},
            "termination_notification": [],
            "timeouts": null,
            "user_data": "",
            "virtual_machine_id": "64279fb6-5db1-4d28-9344-db77b0440a76",
            "virtual_machine_scale_set_id": "",
            "vm_agent_platform_updates_enabled": false,
            "vtpm_enabled": false,
            "zone": ""
          },
          "sensitive_attributes": [
            [
              {
                "type": "get_attr",
                "value": "admin_password"
              }
            ],
            [
              {
                "type": "get_attr",
                "value": "admin_ssh_key"
              }
            ],
            [
              {
                "type": "get_attr",
                "value": "custom_data"
              }
            ]
          ],
          "identity_schema_version": 0,
          "private": "eyJlMmJmYjczMC1lY2FhLTExZTYtOGY4OC0zNDM2M2JjN2M0YzAiOnsiY3JlYXRlIjoyNzAwMDAwMDAwMDAwLCJkZWxldGUiOjI3MDAwMDAwMDAwMDAsInJlYWQiOjMwMDAwMDAwMDAwMCwidXBkYXRlIjoyNzAwMDAwMDAwMDAwfX0=",
          "dependencies": [
            "azurerm_network_interface.web_nic",
            "azurerm_resource_group.rg",
            "azurerm_subnet.web",
            "azurerm_virtual_network.vnet"
          ]
        }
      ]
    },
    {
      "mode": "managed",
      "type": "azurerm_nat_gateway",
      "name": "natgw_web",
      "provider": "provider[\"registry.terraform.io/hashicorp/azurerm\"]",
      "instances": [
        {
          "schema_version": 0,
          "attributes": {
            "id": "/subscriptions/b5b6fdda-4ba6-4831-9aaa-4c63754f2653/resourceGroups/rg-project3-tf-dev/providers/Microsoft.Network/natGateways/natgw-web-dev",
            "idle_timeout_in_minutes": 4,
            "location": "eastus",
            "name": "natgw-web-dev",
            "resource_group_name": "rg-project3-tf-dev",
            "resource_guid": "7e144cfb-f4c9-4e74-baf3-6a408576b7bc",
            "sku_name": "Standard",
            "tags": null,
            "timeouts": null,
            "zones": null
          },
          "sensitive_attributes": [],
          "identity_schema_version": 0,
          "private": "eyJlMmJmYjczMC1lY2FhLTExZTYtOGY4OC0zNDM2M2JjN2M0YzAiOnsiY3JlYXRlIjozNjAwMDAwMDAwMDAwLCJkZWxldGUiOjM2MDAwMDAwMDAwMDAsInJlYWQiOjMwMDAwMDAwMDAwMCwidXBkYXRlIjozNjAwMDAwMDAwMDAwfX0=",
          "dependencies": [
            "azurerm_resource_group.rg"
          ]
        }
      ]
    },
    {
      "mode": "managed",
      "type": "azurerm_nat_gateway_public_ip_association",
      "name": "natgw_pip_assoc",
      "provider": "provider[\"registry.terraform.io/hashicorp/azurerm\"]",
      "instances": [
        {
          "schema_version": 0,
          "attributes": {
            "id": "/subscriptions/b5b6fdda-4ba6-4831-9aaa-4c63754f2653/resourceGroups/rg-project3-tf-dev/providers/Microsoft.Network/natGateways/natgw-web-dev|/subscriptions/b5b6fdda-4ba6-4831-9aaa-4c63754f2653/resourceGroups/rg-project3-tf-dev/providers/Microsoft.Network/publicIPAddresses/pip-natgw-web-dev",
            "nat_gateway_id": "/subscriptions/b5b6fdda-4ba6-4831-9aaa-4c63754f2653/resourceGroups/rg-project3-tf-dev/providers/Microsoft.Network/natGateways/natgw-web-dev",
            "public_ip_address_id": "/subscriptions/b5b6fdda-4ba6-4831-9aaa-4c63754f2653/resourceGroups/rg-project3-tf-dev/providers/Microsoft.Network/publicIPAddresses/pip-natgw-web-dev",
            "timeouts": null
          },
          "sensitive_attributes": [],
          "identity_schema_version": 0,
          "private": "eyJlMmJmYjczMC1lY2FhLTExZTYtOGY4OC0zNDM2M2JjN2M0YzAiOnsiY3JlYXRlIjoxODAwMDAwMDAwMDAwLCJkZWxldGUiOjE4MDAwMDAwMDAwMDAsInJlYWQiOjMwMDAwMDAwMDAwMH19",
          "dependencies": [
            "azurerm_nat_gateway.natgw_web",
            "azurerm_public_ip.natgw_pip",
            "azurerm_resource_group.rg"
          ]
        }
      ]
    },
    {
      "mode": "managed",
      "type": "azurerm_network_interface",
      "name": "data_nic",
      "provider": "provider[\"registry.terraform.io/hashicorp/azurerm\"]",
      "instances": [
        {
          "schema_version": 0,
          "attributes": {
            "accelerated_networking_enabled": false,
            "applied_dns_servers": [],
            "auxiliary_mode": "",
            "auxiliary_sku": "",
            "dns_servers": [],
            "edge_zone": "",
            "enable_accelerated_networking": false,
            "enable_ip_forwarding": false,
            "id": "/subscriptions/b5b6fdda-4ba6-4831-9aaa-4c63754f2653/resourceGroups/rg-project3-tf-dev/providers/Microsoft.Network/networkInterfaces/vm-data-dev-nic",
            "internal_dns_name_label": "",
            "internal_domain_name_suffix": "v4xvpjk4mvkuhailvovgdaxoih.bx.internal.cloudapp.net",
            "ip_configuration": [
              {
                "gateway_load_balancer_frontend_ip_configuration_id": "",
                "name": "ipconfig1",
                "primary": true,
                "private_ip_address": "10.0.2.4",
                "private_ip_address_allocation": "Dynamic",
                "private_ip_address_version": "IPv4",
                "public_ip_address_id": "",
                "subnet_id": "/subscriptions/b5b6fdda-4ba6-4831-9aaa-4c63754f2653/resourceGroups/rg-project3-tf-dev/providers/Microsoft.Network/virtualNetworks/vnet-dev/subnets/data-subnet"
              }
            ],
            "ip_forwarding_enabled": false,
            "location": "eastus",
            "mac_address": "00-0D-3A-9D-D3-25",
            "name": "vm-data-dev-nic",
            "private_ip_address": "10.0.2.4",
            "private_ip_addresses": [
              "10.0.2.4"
            ],
            "resource_group_name": "rg-project3-tf-dev",
            "tags": {},
            "timeouts": null,
            "virtual_machine_id": "/subscriptions/b5b6fdda-4ba6-4831-9aaa-4c63754f2653/resourceGroups/rg-project3-tf-dev/providers/Microsoft.Compute/virtualMachines/vm-data-dev"
          },
          "sensitive_attributes": [],
          "identity_schema_version": 0,
          "private": "eyJlMmJmYjczMC1lY2FhLTExZTYtOGY4OC0zNDM2M2JjN2M0YzAiOnsiY3JlYXRlIjoxODAwMDAwMDAwMDAwLCJkZWxldGUiOjE4MDAwMDAwMDAwMDAsInJlYWQiOjMwMDAwMDAwMDAwMCwidXBkYXRlIjoxODAwMDAwMDAwMDAwfX0=",
          "dependencies": [
            "azurerm_resource_group.rg",
            "azurerm_subnet.data",
            "azurerm_virtual_network.vnet"
          ]
        }
      ]
    },
    {
      "mode": "managed",
      "type": "azurerm_network_interface",
      "name": "web_nic",
      "provider": "provider[\"registry.terraform.io/hashicorp/azurerm\"]",
      "instances": [
        {
          "schema_version": 0,
          "attributes": {
            "accelerated_networking_enabled": false,
            "applied_dns_servers": [],
            "auxiliary_mode": "",
            "auxiliary_sku": "",
            "dns_servers": [],
            "edge_zone": "",
            "enable_accelerated_networking": false,
            "enable_ip_forwarding": false,
            "id": "/subscriptions/b5b6fdda-4ba6-4831-9aaa-4c63754f2653/resourceGroups/rg-project3-tf-dev/providers/Microsoft.Network/networkInterfaces/vm-web-dev-nic",
            "internal_dns_name_label": "",
            "internal_domain_name_suffix": "v4xvpjk4mvkuhailvovgdaxoih.bx.internal.cloudapp.net",
            "ip_configuration": [
              {
                "gateway_load_balancer_frontend_ip_configuration_id": "",
                "name": "ipconfig1",
                "primary": true,
                "private_ip_address": "10.0.1.4",
                "private_ip_address_allocation": "Dynamic",
                "private_ip_address_version": "IPv4",
                "public_ip_address_id": "/subscriptions/b5b6fdda-4ba6-4831-9aaa-4c63754f2653/resourceGroups/rg-project3-tf-dev/providers/Microsoft.Network/publicIPAddresses/vm-web-dev-pip",
                "subnet_id": "/subscriptions/b5b6fdda-4ba6-4831-9aaa-4c63754f2653/resourceGroups/rg-project3-tf-dev/providers/Microsoft.Network/virtualNetworks/vnet-dev/subnets/web-subnet"
              }
            ],
            "ip_forwarding_enabled": false,
            "location": "eastus",
            "mac_address": "00-22-48-25-23-64",
            "name": "vm-web-dev-nic",
            "private_ip_address": "10.0.1.4",
            "private_ip_addresses": [
              "10.0.1.4"
            ],
            "resource_group_name": "rg-project3-tf-dev",
            "tags": {},
            "timeouts": null,
            "virtual_machine_id": "/subscriptions/b5b6fdda-4ba6-4831-9aaa-4c63754f2653/resourceGroups/rg-project3-tf-dev/providers/Microsoft.Compute/virtualMachines/vm-web-dev"
          },
          "sensitive_attributes": [],
          "identity_schema_version": 0,
          "private": "eyJlMmJmYjczMC1lY2FhLTExZTYtOGY4OC0zNDM2M2JjN2M0YzAiOnsiY3JlYXRlIjoxODAwMDAwMDAwMDAwLCJkZWxldGUiOjE4MDAwMDAwMDAwMDAsInJlYWQiOjMwMDAwMDAwMDAwMCwidXBkYXRlIjoxODAwMDAwMDAwMDAwfX0=",
          "dependencies": [
            "azurerm_public_ip.web_pip",
            "azurerm_resource_group.rg",
            "azurerm_subnet.web",
            "azurerm_virtual_network.vnet"
          ]
        }
      ]
    },
    {
      "mode": "managed",
      "type": "azurerm_network_security_group",
      "name": "nsg_data",
      "provider": "provider[\"registry.terraform.io/hashicorp/azurerm\"]",
      "instances": [
        {
          "schema_version": 0,
          "attributes": {
            "id": "/subscriptions/b5b6fdda-4ba6-4831-9aaa-4c63754f2653/resourceGroups/rg-project3-tf-dev/providers/Microsoft.Network/networkSecurityGroups/nsg-data",
            "location": "eastus",
            "name": "nsg-data",
            "resource_group_name": "rg-project3-tf-dev",
            "security_rule": [
              {
                "access": "Allow",
                "description": "",
                "destination_address_prefix": "*",
                "destination_address_prefixes": [],
                "destination_application_security_group_ids": [],
                "destination_port_range": "22",
                "destination_port_ranges": [],
                "direction": "Inbound",
                "name": "Allow-SSH-From-Web-Only",
                "priority": 110,
                "protocol": "Tcp",
                "source_address_prefix": "10.0.1.0/24",
                "source_address_prefixes": [],
                "source_application_security_group_ids": [],
                "source_port_range": "*",
                "source_port_ranges": []
              },
              {
                "access": "Allow",
                "description": "",
                "destination_address_prefix": "*",
                "destination_address_prefixes": [],
                "destination_application_security_group_ids": [],
                "destination_port_range": "3306",
                "destination_port_ranges": [],
                "direction": "Inbound",
                "name": "Allow-From-Web-Only",
                "priority": 100,
                "protocol": "Tcp",
                "source_address_prefix": "10.0.1.0/24",
                "source_address_prefixes": [],
                "source_application_security_group_ids": [],
                "source_port_range": "*",
                "source_port_ranges": []
              },
              {
                "access": "Deny",
                "description": "",
                "destination_address_prefix": "*",
                "destination_address_prefixes": [],
                "destination_application_security_group_ids": [],
                "destination_port_range": "*",
                "destination_port_ranges": [],
                "direction": "Inbound",
                "name": "Deny-All-Inbound",
                "priority": 4096,
                "protocol": "*",
                "source_address_prefix": "*",
                "source_address_prefixes": [],
                "source_application_security_group_ids": [],
                "source_port_range": "*",
                "source_port_ranges": []
              }
            ],
            "tags": {},
            "timeouts": null
          },
          "sensitive_attributes": [],
          "identity_schema_version": 0,
          "private": "eyJlMmJmYjczMC1lY2FhLTExZTYtOGY4OC0zNDM2M2JjN2M0YzAiOnsiY3JlYXRlIjoxODAwMDAwMDAwMDAwLCJkZWxldGUiOjE4MDAwMDAwMDAwMDAsInJlYWQiOjMwMDAwMDAwMDAwMCwidXBkYXRlIjoxODAwMDAwMDAwMDAwfX0=",
          "dependencies": [
            "azurerm_resource_group.rg"
          ]
        }
      ]
    },
    {
      "mode": "managed",
      "type": "azurerm_network_security_group",
      "name": "nsg_web",
      "provider": "provider[\"registry.terraform.io/hashicorp/azurerm\"]",
      "instances": [
        {
          "schema_version": 0,
          "attributes": {
            "id": "/subscriptions/b5b6fdda-4ba6-4831-9aaa-4c63754f2653/resourceGroups/rg-project3-tf-dev/providers/Microsoft.Network/networkSecurityGroups/nsg-web",
            "location": "eastus",
            "name": "nsg-web",
            "resource_group_name": "rg-project3-tf-dev",
            "security_rule": [
              {
                "access": "Allow",
                "description": "",
                "destination_address_prefix": "*",
                "destination_address_prefixes": [],
                "destination_application_security_group_ids": [],
                "destination_port_range": "22",
                "destination_port_ranges": [],
                "direction": "Inbound",
                "name": "Allow-SSH",
                "priority": 110,
                "protocol": "Tcp",
                "source_address_prefix": "Internet",
                "source_address_prefixes": [],
                "source_application_security_group_ids": [],
                "source_port_range": "*",
                "source_port_ranges": []
              },
              {
                "access": "Allow",
                "description": "",
                "destination_address_prefix": "*",
                "destination_address_prefixes": [],
                "destination_application_security_group_ids": [],
                "destination_port_range": "80",
                "destination_port_ranges": [],
                "direction": "Inbound",
                "name": "Allow-HTTP",
                "priority": 100,
                "protocol": "Tcp",
                "source_address_prefix": "*",
                "source_address_prefixes": [],
                "source_application_security_group_ids": [],
                "source_port_range": "*",
                "source_port_ranges": []
              }
            ],
            "tags": {},
            "timeouts": null
          },
          "sensitive_attributes": [],
          "identity_schema_version": 0,
          "private": "eyJlMmJmYjczMC1lY2FhLTExZTYtOGY4OC0zNDM2M2JjN2M0YzAiOnsiY3JlYXRlIjoxODAwMDAwMDAwMDAwLCJkZWxldGUiOjE4MDAwMDAwMDAwMDAsInJlYWQiOjMwMDAwMDAwMDAwMCwidXBkYXRlIjoxODAwMDAwMDAwMDAwfX0=",
          "dependencies": [
            "azurerm_resource_group.rg"
          ]
        }
      ]
    },
    {
      "mode": "managed",
      "type": "azurerm_public_ip",
      "name": "lb_pip",
      "provider": "provider[\"registry.terraform.io/hashicorp/azurerm\"]",
      "instances": [
        {
          "schema_version": 0,
          "attributes": {
            "allocation_method": "Static",
            "ddos_protection_mode": "VirtualNetworkInherited",
            "ddos_protection_plan_id": null,
            "domain_name_label": null,
            "edge_zone": "",
            "fqdn": null,
            "id": "/subscriptions/b5b6fdda-4ba6-4831-9aaa-4c63754f2653/resourceGroups/rg-project3-tf-dev/providers/Microsoft.Network/publicIPAddresses/pip-lb-web-dev",
            "idle_timeout_in_minutes": 4,
            "ip_address": "20.121.186.183",
            "ip_tags": null,
            "ip_version": "IPv4",
            "location": "eastus",
            "name": "pip-lb-web-dev",
            "public_ip_prefix_id": null,
            "resource_group_name": "rg-project3-tf-dev",
            "reverse_fqdn": null,
            "sku": "Standard",
            "sku_tier": "Regional",
            "tags": null,
            "timeouts": null,
            "zones": null
          },
          "sensitive_attributes": [],
          "identity_schema_version": 0,
          "private": "eyJlMmJmYjczMC1lY2FhLTExZTYtOGY4OC0zNDM2M2JjN2M0YzAiOnsiY3JlYXRlIjoxODAwMDAwMDAwMDAwLCJkZWxldGUiOjE4MDAwMDAwMDAwMDAsInJlYWQiOjMwMDAwMDAwMDAwMCwidXBkYXRlIjoxODAwMDAwMDAwMDAwfX0=",
          "dependencies": [
            "azurerm_resource_group.rg"
          ]
        }
      ]
    },
    {
      "mode": "managed",
      "type": "azurerm_public_ip",
      "name": "natgw_pip",
      "provider": "provider[\"registry.terraform.io/hashicorp/azurerm\"]",
      "instances": [
        {
          "schema_version": 0,
          "attributes": {
            "allocation_method": "Static",
            "ddos_protection_mode": "VirtualNetworkInherited",
            "ddos_protection_plan_id": null,
            "domain_name_label": null,
            "edge_zone": "",
            "fqdn": null,
            "id": "/subscriptions/b5b6fdda-4ba6-4831-9aaa-4c63754f2653/resourceGroups/rg-project3-tf-dev/providers/Microsoft.Network/publicIPAddresses/pip-natgw-web-dev",
            "idle_timeout_in_minutes": 4,
            "ip_address": "13.68.247.46",
            "ip_tags": null,
            "ip_version": "IPv4",
            "location": "eastus",
            "name": "pip-natgw-web-dev",
            "public_ip_prefix_id": null,
            "resource_group_name": "rg-project3-tf-dev",
            "reverse_fqdn": null,
            "sku": "Standard",
            "sku_tier": "Regional",
            "tags": null,
            "timeouts": null,
            "zones": null
          },
          "sensitive_attributes": [],
          "identity_schema_version": 0,
          "private": "eyJlMmJmYjczMC1lY2FhLTExZTYtOGY4OC0zNDM2M2JjN2M0YzAiOnsiY3JlYXRlIjoxODAwMDAwMDAwMDAwLCJkZWxldGUiOjE4MDAwMDAwMDAwMDAsInJlYWQiOjMwMDAwMDAwMDAwMCwidXBkYXRlIjoxODAwMDAwMDAwMDAwfX0=",
          "dependencies": [
            "azurerm_resource_group.rg"
          ]
        }
      ]
    },
    {
      "mode": "managed",
      "type": "azurerm_public_ip",
      "name": "web_pip",
      "provider": "provider[\"registry.terraform.io/hashicorp/azurerm\"]",
      "instances": [
        {
          "schema_version": 0,
          "attributes": {
            "allocation_method": "Static",
            "ddos_protection_mode": "VirtualNetworkInherited",
            "ddos_protection_plan_id": null,
            "domain_name_label": null,
            "edge_zone": "",
            "fqdn": null,
            "id": "/subscriptions/b5b6fdda-4ba6-4831-9aaa-4c63754f2653/resourceGroups/rg-project3-tf-dev/providers/Microsoft.Network/publicIPAddresses/vm-web-dev-pip",
            "idle_timeout_in_minutes": 4,
            "ip_address": "13.82.151.252",
            "ip_tags": {},
            "ip_version": "IPv4",
            "location": "eastus",
            "name": "vm-web-dev-pip",
            "public_ip_prefix_id": null,
            "resource_group_name": "rg-project3-tf-dev",
            "reverse_fqdn": null,
            "sku": "Standard",
            "sku_tier": "Regional",
            "tags": {},
            "timeouts": null,
            "zones": []
          },
          "sensitive_attributes": [],
          "identity_schema_version": 0,
          "private": "eyJlMmJmYjczMC1lY2FhLTExZTYtOGY4OC0zNDM2M2JjN2M0YzAiOnsiY3JlYXRlIjoxODAwMDAwMDAwMDAwLCJkZWxldGUiOjE4MDAwMDAwMDAwMDAsInJlYWQiOjMwMDAwMDAwMDAwMCwidXBkYXRlIjoxODAwMDAwMDAwMDAwfX0=",
          "dependencies": [
            "azurerm_resource_group.rg"
          ]
        }
      ]
    },
    {
      "mode": "managed",
      "type": "azurerm_resource_group",
      "name": "rg",
      "provider": "provider[\"registry.terraform.io/hashicorp/azurerm\"]",
      "instances": [
        {
          "schema_version": 0,
          "attributes": {
            "id": "/subscriptions/b5b6fdda-4ba6-4831-9aaa-4c63754f2653/resourceGroups/rg-project3-tf-dev",
            "location": "eastus",
            "managed_by": "",
            "name": "rg-project3-tf-dev",
            "tags": {},
            "timeouts": null
          },
          "sensitive_attributes": [],
          "identity_schema_version": 0,
          "private": "eyJlMmJmYjczMC1lY2FhLTExZTYtOGY4OC0zNDM2M2JjN2M0YzAiOnsiY3JlYXRlIjo1NDAwMDAwMDAwMDAwLCJkZWxldGUiOjU0MDAwMDAwMDAwMDAsInJlYWQiOjMwMDAwMDAwMDAwMCwidXBkYXRlIjo1NDAwMDAwMDAwMDAwfX0="
        }
      ]
    },
    {
      "mode": "managed",
      "type": "azurerm_subnet",
      "name": "data",
      "provider": "provider[\"registry.terraform.io/hashicorp/azurerm\"]",
      "instances": [
        {
          "schema_version": 0,
          "attributes": {
            "address_prefixes": [
              "10.0.2.0/24"
            ],
            "default_outbound_access_enabled": true,
            "delegation": [],
            "enforce_private_link_endpoint_network_policies": false,
            "enforce_private_link_service_network_policies": false,
            "id": "/subscriptions/b5b6fdda-4ba6-4831-9aaa-4c63754f2653/resourceGroups/rg-project3-tf-dev/providers/Microsoft.Network/virtualNetworks/vnet-dev/subnets/data-subnet",
            "name": "data-subnet",
            "private_endpoint_network_policies": "Enabled",
            "private_endpoint_network_policies_enabled": true,
            "private_link_service_network_policies_enabled": true,
            "resource_group_name": "rg-project3-tf-dev",
            "service_endpoint_policy_ids": [],
            "service_endpoints": [],
            "timeouts": null,
            "virtual_network_name": "vnet-dev"
          },
          "sensitive_attributes": [],
          "identity_schema_version": 0,
          "private": "eyJlMmJmYjczMC1lY2FhLTExZTYtOGY4OC0zNDM2M2JjN2M0YzAiOnsiY3JlYXRlIjoxODAwMDAwMDAwMDAwLCJkZWxldGUiOjE4MDAwMDAwMDAwMDAsInJlYWQiOjMwMDAwMDAwMDAwMCwidXBkYXRlIjoxODAwMDAwMDAwMDAwfX0=",
          "dependencies": [
            "azurerm_resource_group.rg",
            "azurerm_virtual_network.vnet"
          ]
        }
      ]
    },
    {
      "mode": "managed",
      "type": "azurerm_subnet",
      "name": "web",
      "provider": "provider[\"registry.terraform.io/hashicorp/azurerm\"]",
      "instances": [
        {
          "schema_version": 0,
          "attributes": {
            "address_prefixes": [
              "10.0.1.0/24"
            ],
            "default_outbound_access_enabled": true,
            "delegation": [],
            "enforce_private_link_endpoint_network_policies": false,
            "enforce_private_link_service_network_policies": false,
            "id": "/subscriptions/b5b6fdda-4ba6-4831-9aaa-4c63754f2653/resourceGroups/rg-project3-tf-dev/providers/Microsoft.Network/virtualNetworks/vnet-dev/subnets/web-subnet",
            "name": "web-subnet",
            "private_endpoint_network_policies": "Enabled",
            "private_endpoint_network_policies_enabled": true,
            "private_link_service_network_policies_enabled": true,
            "resource_group_name": "rg-project3-tf-dev",
            "service_endpoint_policy_ids": [],
            "service_endpoints": [],
            "timeouts": null,
            "virtual_network_name": "vnet-dev"
          },
          "sensitive_attributes": [],
          "identity_schema_version": 0,
          "private": "eyJlMmJmYjczMC1lY2FhLTExZTYtOGY4OC0zNDM2M2JjN2M0YzAiOnsiY3JlYXRlIjoxODAwMDAwMDAwMDAwLCJkZWxldGUiOjE4MDAwMDAwMDAwMDAsInJlYWQiOjMwMDAwMDAwMDAwMCwidXBkYXRlIjoxODAwMDAwMDAwMDAwfX0=",
          "dependencies": [
            "azurerm_resource_group.rg",
            "azurerm_virtual_network.vnet"
          ]
        }
      ]
    },
    {
      "mode": "managed",
      "type": "azurerm_subnet_nat_gateway_association",
      "name": "web_natgw_assoc",
      "provider": "provider[\"registry.terraform.io/hashicorp/azurerm\"]",
      "instances": [
        {
          "schema_version": 0,
          "attributes": {
            "id": "/subscriptions/b5b6fdda-4ba6-4831-9aaa-4c63754f2653/resourceGroups/rg-project3-tf-dev/providers/Microsoft.Network/virtualNetworks/vnet-dev/subnets/web-subnet",
            "nat_gateway_id": "/subscriptions/b5b6fdda-4ba6-4831-9aaa-4c63754f2653/resourceGroups/rg-project3-tf-dev/providers/Microsoft.Network/natGateways/natgw-web-dev",
            "subnet_id": "/subscriptions/b5b6fdda-4ba6-4831-9aaa-4c63754f2653/resourceGroups/rg-project3-tf-dev/providers/Microsoft.Network/virtualNetworks/vnet-dev/subnets/web-subnet",
            "timeouts": null
          },
          "sensitive_attributes": [],
          "identity_schema_version": 0,
          "private": "eyJlMmJmYjczMC1lY2FhLTExZTYtOGY4OC0zNDM2M2JjN2M0YzAiOnsiY3JlYXRlIjoxODAwMDAwMDAwMDAwLCJkZWxldGUiOjE4MDAwMDAwMDAwMDAsInJlYWQiOjMwMDAwMDAwMDAwMH19",
          "dependencies": [
            "azurerm_nat_gateway.natgw_web",
            "azurerm_resource_group.rg",
            "azurerm_subnet.web",
            "azurerm_virtual_network.vnet"
          ]
        }
      ]
    },
    {
      "mode": "managed",
      "type": "azurerm_subnet_network_security_group_association",
      "name": "data_assoc",
      "provider": "provider[\"registry.terraform.io/hashicorp/azurerm\"]",
      "instances": [
        {
          "schema_version": 0,
          "attributes": {
            "id": "/subscriptions/b5b6fdda-4ba6-4831-9aaa-4c63754f2653/resourceGroups/rg-project3-tf-dev/providers/Microsoft.Network/virtualNetworks/vnet-dev/subnets/data-subnet",
            "network_security_group_id": "/subscriptions/b5b6fdda-4ba6-4831-9aaa-4c63754f2653/resourceGroups/rg-project3-tf-dev/providers/Microsoft.Network/networkSecurityGroups/nsg-data",
            "subnet_id": "/subscriptions/b5b6fdda-4ba6-4831-9aaa-4c63754f2653/resourceGroups/rg-project3-tf-dev/providers/Microsoft.Network/virtualNetworks/vnet-dev/subnets/data-subnet",
            "timeouts": null
          },
          "sensitive_attributes": [],
          "identity_schema_version": 0,
          "private": "eyJlMmJmYjczMC1lY2FhLTExZTYtOGY4OC0zNDM2M2JjN2M0YzAiOnsiY3JlYXRlIjoxODAwMDAwMDAwMDAwLCJkZWxldGUiOjE4MDAwMDAwMDAwMDAsInJlYWQiOjMwMDAwMDAwMDAwMH19",
          "dependencies": [
            "azurerm_network_security_group.nsg_data",
            "azurerm_resource_group.rg",
            "azurerm_subnet.data",
            "azurerm_virtual_network.vnet"
          ]
        }
      ]
    },
    {
      "mode": "managed",
      "type": "azurerm_subnet_network_security_group_association",
      "name": "web_assoc",
      "provider": "provider[\"registry.terraform.io/hashicorp/azurerm\"]",
      "instances": [
        {
          "schema_version": 0,
          "attributes": {
            "id": "/subscriptions/b5b6fdda-4ba6-4831-9aaa-4c63754f2653/resourceGroups/rg-project3-tf-dev/providers/Microsoft.Network/virtualNetworks/vnet-dev/subnets/web-subnet",
            "network_security_group_id": "/subscriptions/b5b6fdda-4ba6-4831-9aaa-4c63754f2653/resourceGroups/rg-project3-tf-dev/providers/Microsoft.Network/networkSecurityGroups/nsg-web",
            "subnet_id": "/subscriptions/b5b6fdda-4ba6-4831-9aaa-4c63754f2653/resourceGroups/rg-project3-tf-dev/providers/Microsoft.Network/virtualNetworks/vnet-dev/subnets/web-subnet",
            "timeouts": null
          },
          "sensitive_attributes": [],
          "identity_schema_version": 0,
          "private": "eyJlMmJmYjczMC1lY2FhLTExZTYtOGY4OC0zNDM2M2JjN2M0YzAiOnsiY3JlYXRlIjoxODAwMDAwMDAwMDAwLCJkZWxldGUiOjE4MDAwMDAwMDAwMDAsInJlYWQiOjMwMDAwMDAwMDAwMH19",
          "dependencies": [
            "azurerm_network_security_group.nsg_web",
            "azurerm_resource_group.rg",
            "azurerm_subnet.web",
            "azurerm_virtual_network.vnet"
          ]
        }
      ]
    },
    {
      "mode": "managed",
      "type": "azurerm_virtual_network",
      "name": "vnet",
      "provider": "provider[\"registry.terraform.io/hashicorp/azurerm\"]",
      "instances": [
        {
          "schema_version": 0,
          "attributes": {
            "address_space": [
              "10.0.0.0/16"
            ],
            "bgp_community": "",
            "ddos_protection_plan": [],
            "dns_servers": [],
            "edge_zone": "",
            "encryption": [],
            "flow_timeout_in_minutes": 0,
            "guid": "a557afaf-655e-4355-810b-abaa6182ee47",
            "id": "/subscriptions/b5b6fdda-4ba6-4831-9aaa-4c63754f2653/resourceGroups/rg-project3-tf-dev/providers/Microsoft.Network/virtualNetworks/vnet-dev",
            "location": "eastus",
            "name": "vnet-dev",
            "resource_group_name": "rg-project3-tf-dev",
            "subnet": [
              {
                "address_prefix": "10.0.1.0/24",
                "id": "/subscriptions/b5b6fdda-4ba6-4831-9aaa-4c63754f2653/resourceGroups/rg-project3-tf-dev/providers/Microsoft.Network/virtualNetworks/vnet-dev/subnets/web-subnet",
                "name": "web-subnet",
                "security_group": "/subscriptions/b5b6fdda-4ba6-4831-9aaa-4c63754f2653/resourceGroups/rg-project3-tf-dev/providers/Microsoft.Network/networkSecurityGroups/nsg-web"
              },
              {
                "address_prefix": "10.0.2.0/24",
                "id": "/subscriptions/b5b6fdda-4ba6-4831-9aaa-4c63754f2653/resourceGroups/rg-project3-tf-dev/providers/Microsoft.Network/virtualNetworks/vnet-dev/subnets/data-subnet",
                "name": "data-subnet",
                "security_group": "/subscriptions/b5b6fdda-4ba6-4831-9aaa-4c63754f2653/resourceGroups/rg-project3-tf-dev/providers/Microsoft.Network/networkSecurityGroups/nsg-data"
              }
            ],
            "tags": {},
            "timeouts": null
          },
          "sensitive_attributes": [],
          "identity_schema_version": 0,
          "private": "eyJlMmJmYjczMC1lY2FhLTExZTYtOGY4OC0zNDM2M2JjN2M0YzAiOnsiY3JlYXRlIjoxODAwMDAwMDAwMDAwLCJkZWxldGUiOjE4MDAwMDAwMDAwMDAsInJlYWQiOjMwMDAwMDAwMDAwMCwidXBkYXRlIjoxODAwMDAwMDAwMDAwfX0=",
          "dependencies": [
            "azurerm_resource_group.rg"
          ]
        }
      ]
    }
  ],
  "check_results": null
}
